
Microsoft Visual Studio Solution File, Format Version 12.00
# Visual Studio Version 17
VisualStudioVersion = 17.2.32602.215
MinimumVisualStudioVersion = 10.0.40219.1
Project("{FAE04EC0-301F-11D3-BF4B-00C04F79EFBC}") = "BookShopApi", "BookShopApi\BookShopApi.csproj", "{60E2379B-56A2-4254-8FBD-83364B6B6A8D}"
EndProject
Project("{9A19103F-16F7-4668-BE54-9A1E7A4F7556}") = "BookShop.Domain", "BookShop.Domain\BookShop.Domain.csproj", "{F851C369-E815-4BEE-B65A-3AD7E4FEE5E2}"
EndProject
Project("{9A19103F-16F7-4668-BE54-9A1E7A4F7556}") = "BookShop.Infrastructure", "BookShop.Infrastructure\BookShop.Infrastructure.csproj", "{8551083E-C964-46EF-ADFC-AF9D5030739C}"
EndProject
Project("{9A19103F-16F7-4668-BE54-9A1E7A4F7556}") = "BookShop.Application", "BookShop.Application\BookShop.Application.csproj", "{FD6662C5-6445-4FAA-B595-3E56F1D109A8}"
EndProject
Global
	GlobalSection(SolutionConfigurationPlatforms) = preSolution
		Debug|Any CPU = Debug|Any CPU
		Release|Any CPU = Release|Any CPU
	EndGlobalSection
	GlobalSection(ProjectConfigurationPlatforms) = postSolution
		{60E2379B-56A2-4254-8FBD-83364B6B6A8D}.Debug|Any CPU.ActiveCfg = Debug|Any CPU
		{60E2379B-56A2-4254-8FBD-83364B6B6A8D}.Debug|Any CPU.Build.0 = Debug|Any CPU
		{60E2379B-56A2-4254-8FBD-83364B6B6A8D}.Release|Any CPU.ActiveCfg = Release|Any CPU
		{60E2379B-56A2-4254-8FBD-83364B6B6A8D}.Release|Any CPU.Build.0 = Release|Any CPU
		{F851C369-E815-4BEE-B65A-3AD7E4FEE5E2}.Debug|Any CPU.ActiveCfg = Debug|Any CPU
		{F851C369-E815-4BEE-B65A-3AD7E4FEE5E2}.Debug|Any CPU.Build.0 = Debug|Any CPU
		{F851C369-E815-4BEE-B65A-3AD7E4FEE5E2}.Release|Any CPU.ActiveCfg = Release|Any CPU
		{F851C369-E815-4BEE-B65A-3AD7E4FEE5E2}.Release|Any CPU.Build.0 = Release|Any CPU
		{8551083E-C964-46EF-ADFC-AF9D5030739C}.Debug|Any CPU.ActiveCfg = Debug|Any CPU
		{8551083E-C964-46EF-ADFC-AF9D5030739C}.Debug|Any CPU.Build.0 = Debug|Any CPU
		{8551083E-C964-46EF-ADFC-AF9D5030739C}.Release|Any CPU.ActiveCfg = Release|Any CPU
		{8551083E-C964-46EF-ADFC-AF9D5030739C}.Release|Any CPU.Build.0 = Release|Any CPU
		{FD6662C5-6445-4FAA-B595-3E56F1D109A8}.Debug|Any CPU.ActiveCfg = Debug|Any CPU
		{FD6662C5-6445-4FAA-B595-3E56F1D109A8}.Debug|Any CPU.Build.0 = Debug|Any CPU
		{FD6662C5-6445-4FAA-B595-3E56F1D109A8}.Release|Any CPU.ActiveCfg = Release|Any CPU
		{FD6662C5-6445-4FAA-B595-3E56F1D109A8}.Release|Any CPU.Build.0 = Release|Any CPU
	EndGlobalSection
	GlobalSection(SolutionProperties) = preSolution
		HideSolutionNode = FALSE
	EndGlobalSection
	GlobalSection(ExtensibilityGlobals) = postSolution
		SolutionGuid = {3724492C-E0AC-4088-8B06-A36A451E2910}
	EndGlobalSection
EndGlobal
